
Microsoft Visual Studio Solution File, Format Version 12.00
# Visual Studio Version 17
VisualStudioVersion = 17.13.35913.81
MinimumVisualStudioVersion = 10.0.40219.1
Project("{FAE04EC0-301F-11D3-BF4B-00C04F79EFBC}") = "MAME Shrink", "src\MAME Shrink.csproj", "{8754902F-850F-46DC-9FD8-7CFB1C0B4D6D}"
EndProject
Project("{2150E333-8FDC-42A3-9474-1A3956D46DE8}") = "Solution Items", "Solution Items", "{6C83A596-D32D-B35F-00DD-F0C99B673980}"
	ProjectSection(SolutionItems) = preProject
		.editorconfig = .editorconfig
		build-filelist.txt = build-filelist.txt
		.github\workflows\release-dotnet48.yml = .github\workflows\release-dotnet48.yml
	EndProjectSection
EndProject
Project("{2150E333-8FDC-42A3-9474-1A3956D46DE8}") = "Shared", "Shared", "{F59E7454-3B8E-466D-93C1-AE1A5900FBA7}"
EndProject
Project("{FAE04EC0-301F-11D3-BF4B-00C04F79EFBC}") = "ArcadeDatabaseSdk.Net48", "shared\mame-tools\src\ArcadeDatabaseSdk.Net48\ArcadeDatabaseSdk.Net48.csproj", "{7EFC7F4A-80E1-42A6-9526-C8B3A3B3485B}"
EndProject
Project("{FAE04EC0-301F-11D3-BF4B-00C04F79EFBC}") = "MameTools.Net48", "shared\mame-tools\src\MameTools.Net48\MameTools.Net48.csproj", "{3E21E1E2-4BF4-4D5E-B527-5AC259C6452A}"
EndProject
Global
	GlobalSection(SolutionConfigurationPlatforms) = preSolution
		Debug|x64 = Debug|x64
		Debug|x86 = Debug|x86
		Release|x64 = Release|x64
		Release|x86 = Release|x86
	EndGlobalSection
	GlobalSection(ProjectConfigurationPlatforms) = postSolution
		{8754902F-850F-46DC-9FD8-7CFB1C0B4D6D}.Debug|x64.ActiveCfg = Debug|x64
		{8754902F-850F-46DC-9FD8-7CFB1C0B4D6D}.Debug|x64.Build.0 = Debug|x64
		{8754902F-850F-46DC-9FD8-7CFB1C0B4D6D}.Debug|x86.ActiveCfg = Debug|x86
		{8754902F-850F-46DC-9FD8-7CFB1C0B4D6D}.Debug|x86.Build.0 = Debug|x86
		{8754902F-850F-46DC-9FD8-7CFB1C0B4D6D}.Release|x64.ActiveCfg = Release|x64
		{8754902F-850F-46DC-9FD8-7CFB1C0B4D6D}.Release|x64.Build.0 = Release|x64
		{8754902F-850F-46DC-9FD8-7CFB1C0B4D6D}.Release|x86.ActiveCfg = Release|x86
		{8754902F-850F-46DC-9FD8-7CFB1C0B4D6D}.Release|x86.Build.0 = Release|x86
		{7EFC7F4A-80E1-42A6-9526-C8B3A3B3485B}.Debug|x64.ActiveCfg = Debug|Any CPU
		{7EFC7F4A-80E1-42A6-9526-C8B3A3B3485B}.Debug|x64.Build.0 = Debug|Any CPU
		{7EFC7F4A-80E1-42A6-9526-C8B3A3B3485B}.Debug|x86.ActiveCfg = Debug|Any CPU
		{7EFC7F4A-80E1-42A6-9526-C8B3A3B3485B}.Debug|x86.Build.0 = Debug|Any CPU
		{7EFC7F4A-80E1-42A6-9526-C8B3A3B3485B}.Release|x64.ActiveCfg = Release|Any CPU
		{7EFC7F4A-80E1-42A6-9526-C8B3A3B3485B}.Release|x64.Build.0 = Release|Any CPU
		{7EFC7F4A-80E1-42A6-9526-C8B3A3B3485B}.Release|x86.ActiveCfg = Release|Any CPU
		{7EFC7F4A-80E1-42A6-9526-C8B3A3B3485B}.Release|x86.Build.0 = Release|Any CPU
		{3E21E1E2-4BF4-4D5E-B527-5AC259C6452A}.Debug|x64.ActiveCfg = Debug|Any CPU
		{3E21E1E2-4BF4-4D5E-B527-5AC259C6452A}.Debug|x64.Build.0 = Debug|Any CPU
		{3E21E1E2-4BF4-4D5E-B527-5AC259C6452A}.Debug|x86.ActiveCfg = Debug|Any CPU
		{3E21E1E2-4BF4-4D5E-B527-5AC259C6452A}.Debug|x86.Build.0 = Debug|Any CPU
		{3E21E1E2-4BF4-4D5E-B527-5AC259C6452A}.Release|x64.ActiveCfg = Release|Any CPU
		{3E21E1E2-4BF4-4D5E-B527-5AC259C6452A}.Release|x64.Build.0 = Release|Any CPU
		{3E21E1E2-4BF4-4D5E-B527-5AC259C6452A}.Release|x86.ActiveCfg = Release|Any CPU
		{3E21E1E2-4BF4-4D5E-B527-5AC259C6452A}.Release|x86.Build.0 = Release|Any CPU
	EndGlobalSection
	GlobalSection(SolutionProperties) = preSolution
		HideSolutionNode = FALSE
	EndGlobalSection
	GlobalSection(NestedProjects) = preSolution
		{7EFC7F4A-80E1-42A6-9526-C8B3A3B3485B} = {F59E7454-3B8E-466D-93C1-AE1A5900FBA7}
		{3E21E1E2-4BF4-4D5E-B527-5AC259C6452A} = {F59E7454-3B8E-466D-93C1-AE1A5900FBA7}
	EndGlobalSection
	GlobalSection(ExtensibilityGlobals) = postSolution
		SolutionGuid = {BA5CE638-E9F6-4BF3-B6A0-66747490E20D}
	EndGlobalSection
EndGlobal
